github.com/davecgh/go-spew v1.1.1 h1:vj9j/u1bqnvCEfJOwUhtlOARqs3+rkHYY13jYWTU97c=
github.com/davecgh/go-spew v1.1.1/go.mod h1:J7Y8YcW2NihsgmVo/mv3lAwl/skON4iLHjSsI+c5H38=
github.com/pmezard/go-difflib v1.0.0 h1:4DBwDE0NGyQoBHbLQYPwSUPoCMWR5BEzIk/f1lZbAQM=
github.com/pmezard/go-difflib v1.0.0/go.mod h1:iKH77koFhYxTK1pcRnkKkqfTogsbg7gZNVY4sRDYZ/4=
github.com/sirupsen/logrus v1.9.3 h1:dueUQJ1C2q9oE3F7wvmSGAaVtTmUizReu6fjN8uqzbQ=
github.com/sirupsen/logrus v1.9.3/go.mod h1:naHLuLoDiP4jHNo9R0sCBMtWGeIprob74mVsIT4qYEQ=
github.com/stretchr/testify v1.7.0 h1:nwc3DEeHmmLAfoZucVR881uASk0Mfjw8xYJ99tb5CcY=
github.com/stretchr/testify v1.7.0/go.mod h1:6Fq8oRcR53rry900zMqJjRRixrwX3KX962/h/Wwjteg=
golang.org/x/net v0.34.0 h1:Mb7Mrn0HI2fB1s+Q55M48D3a9pjIU/1pbYJmE0VRHNM=
golang.org/x/net v0.34.0/go.mod h1:M8e+bx+N8lL5KCyjzGVARHSr2b0yjyS+0P2Qg1BqAYk=
golang.org/x/sys v0.0.0-20220715151400-c0bba94af5f8/go.mod h1:oPkhp1MJrh7nUepCBck5+mAzfO9JrbApNNgaTdGDITg=
golang.org/x/sys v0.29.0 h1:TPYlXvSN1y+vBVVKeyBfvVzAE9shZhduYfWlr/kA6fI=
golang.org/x/sys v0.29.0/go.mod h1:/VUhepiaIjQoBTyDDxDvGccbzq5jWe8QaHpPvGFvOTQ=
golang.org/x/text v0.21.0 h1:zyQAAkrwaneQ066sspRyJaG9VNi/YJ1NfzcGB3hZ/qo=
golang.org/x/text v0.21.0/go.mod h1:4IBbMaMmOPCJ8SecivzSH54+73PCFmPWxNTLm+vZkEQ=
google.golang.org/genproto/googleapis/rpc v0.0.0-20250106144421-5f5ef82da422 h1:5TFoF93z5Tt8VCSqdxkBeFEs+d+O6dhmZLh0JPpY5dk=
google.golang.org/genproto/googleapis/rpc v0.0.0-20250106144421-5f5ef82da422/go.mod h1:vNa380zrpaL3tW5qV4ZNIyW7bYB1F0LhXg8z8Y1kzLk=
google.golang.org/grpc v1.69.4 h1:Q0YPlQeef0scTPFwTXChsKz96VS/vS8gzy77GEeScHk=
google.golang.org/grpc v1.69.4/go.mod h1:+fA4nLfk+DYQhZ4kjsd4YF+YuOt+UDP74YLLJWbnevU=
google.golang.org/protobuf v1.36.3 h1:r7FLglnZSQpvveGUYBrM0cC4YdMzvEBWJQ3kf0NHKE8=
google.golang.org/protobuf v1.36.3/go.mod h1:9fA7Ob0pmnwhb644+1+CVWFRbNajQ6iRojtC/QF5bRE=
gopkg.in/yaml.v3 v3.0.0-20200313102051-9f266ea9e77c h1:dUUwHk2QECo/6vqA44rthZ8ie2QXMNeKRTHCNY2nXvo=
gopkg.in/yaml.v3 v3.0.0-20200313102051-9f266ea9e77c/go.mod h1:K4uyk7z7BCEPqu6E+C64Yfv1cQ7kz7rIZviUmN+EgEM=
